
Microsoft Visual Studio Solution File, Format Version 12.00
# Visual Studio Version 17
VisualStudioVersion = 17.3.32811.315
MinimumVisualStudioVersion = 10.0.40219.1
Project("{9A19103F-16F7-4668-BE54-9A1E7A4F7556}") = "Business", "Business\Business.csproj", "{EC2D8447-2252-4E1E-9592-A93FC385CF7E}"
EndProject
Project("{9A19103F-16F7-4668-BE54-9A1E7A4F7556}") = "DataAccess", "DataAccess\DataAccess.csproj", "{49C6E26C-4E95-4134-A92C-7E2CA464EF22}"
EndProject
Project("{9A19103F-16F7-4668-BE54-9A1E7A4F7556}") = "Entities", "Entities\Entities.csproj", "{912A2389-5130-4629-85C8-C657E8F2B6EB}"
EndProject
Project("{9A19103F-16F7-4668-BE54-9A1E7A4F7556}") = "WebAPI", "WebAPI\WebAPI.csproj", "{CC30C1F9-077A-4A57-8628-6442D4FB737F}"
EndProject
Project("{9A19103F-16F7-4668-BE54-9A1E7A4F7556}") = "Core", "Core\Core.csproj", "{E9F7F8A1-8343-4C9A-8654-DDD8A0BA6543}"
EndProject
Global
	GlobalSection(SolutionConfigurationPlatforms) = preSolution
		Debug|Any CPU = Debug|Any CPU
		Release|Any CPU = Release|Any CPU
	EndGlobalSection
	GlobalSection(ProjectConfigurationPlatforms) = postSolution
		{EC2D8447-2252-4E1E-9592-A93FC385CF7E}.Debug|Any CPU.ActiveCfg = Debug|Any CPU
		{EC2D8447-2252-4E1E-9592-A93FC385CF7E}.Debug|Any CPU.Build.0 = Debug|Any CPU
		{EC2D8447-2252-4E1E-9592-A93FC385CF7E}.Release|Any CPU.ActiveCfg = Release|Any CPU
		{EC2D8447-2252-4E1E-9592-A93FC385CF7E}.Release|Any CPU.Build.0 = Release|Any CPU
		{49C6E26C-4E95-4134-A92C-7E2CA464EF22}.Debug|Any CPU.ActiveCfg = Debug|Any CPU
		{49C6E26C-4E95-4134-A92C-7E2CA464EF22}.Debug|Any CPU.Build.0 = Debug|Any CPU
		{49C6E26C-4E95-4134-A92C-7E2CA464EF22}.Release|Any CPU.ActiveCfg = Release|Any CPU
		{49C6E26C-4E95-4134-A92C-7E2CA464EF22}.Release|Any CPU.Build.0 = Release|Any CPU
		{912A2389-5130-4629-85C8-C657E8F2B6EB}.Debug|Any CPU.ActiveCfg = Debug|Any CPU
		{912A2389-5130-4629-85C8-C657E8F2B6EB}.Debug|Any CPU.Build.0 = Debug|Any CPU
		{912A2389-5130-4629-85C8-C657E8F2B6EB}.Release|Any CPU.ActiveCfg = Release|Any CPU
		{912A2389-5130-4629-85C8-C657E8F2B6EB}.Release|Any CPU.Build.0 = Release|Any CPU
		{CC30C1F9-077A-4A57-8628-6442D4FB737F}.Debug|Any CPU.ActiveCfg = Debug|Any CPU
		{CC30C1F9-077A-4A57-8628-6442D4FB737F}.Debug|Any CPU.Build.0 = Debug|Any CPU
		{CC30C1F9-077A-4A57-8628-6442D4FB737F}.Release|Any CPU.ActiveCfg = Release|Any CPU
		{CC30C1F9-077A-4A57-8628-6442D4FB737F}.Release|Any CPU.Build.0 = Release|Any CPU
		{E9F7F8A1-8343-4C9A-8654-DDD8A0BA6543}.Debug|Any CPU.ActiveCfg = Debug|Any CPU
		{E9F7F8A1-8343-4C9A-8654-DDD8A0BA6543}.Debug|Any CPU.Build.0 = Debug|Any CPU
		{E9F7F8A1-8343-4C9A-8654-DDD8A0BA6543}.Release|Any CPU.ActiveCfg = Release|Any CPU
		{E9F7F8A1-8343-4C9A-8654-DDD8A0BA6543}.Release|Any CPU.Build.0 = Release|Any CPU
	EndGlobalSection
	GlobalSection(SolutionProperties) = preSolution
		HideSolutionNode = FALSE
	EndGlobalSection
	GlobalSection(ExtensibilityGlobals) = postSolution
		SolutionGuid = {59B5D7E5-BF0C-4BB8-8FAE-BD9ED6DEBECA}
	EndGlobalSection
EndGlobal
